{
  "nodes": {
    "flake-utils": {
      "inputs": {
        "systems": "systems"
      },
      "locked": {
        "lastModified": 1681202837,
        "narHash": "sha256-H+Rh19JDwRtpVPAWp64F+rlEtxUWBAQW28eAi3SRSzg=",
        "owner": "numtide",
        "repo": "flake-utils",
        "rev": "cfacdce06f30d2b68473a46042957675eebb3401",
        "type": "github"
      },
      "original": {
        "owner": "numtide",
        "repo": "flake-utils",
        "type": "github"
      }
    },
    "hardware": {
      "locked": {
        "lastModified": 1682836095,
        "narHash": "sha256-PdzpJhuXBz71AgWNWMMYLbB8GMMce6QguhQY/6HOOcc=",
        "owner": "nixos",
        "repo": "nixos-hardware",
        "rev": "e4a21ddcb45ee5f5c85a5d9e9698debf77fb98c3",
        "type": "github"
      },
      "original": {
        "owner": "nixos",
        "repo": "nixos-hardware",
        "type": "github"
      }
    },
    "home-manager": {
      "inputs": {
        "nixpkgs": [
          "nixpkgs"
        ]
      },
      "locked": {
        "lastModified": 1682779989,
        "narHash": "sha256-H8AjcIBYFYrlRobYJ+n1B+ZJ6TsaaeZpuLn4iRqVvr4=",
        "owner": "nix-community",
        "repo": "home-manager",
        "rev": "3144311f31194b537808ae6848f86f3dbf977d59",
        "type": "github"
      },
      "original": {
        "owner": "nix-community",
        "repo": "home-manager",
        "type": "github"
      }
    },
    "nixpkgs": {
      "locked": {
        "lastModified": 1682786779,
        "narHash": "sha256-m7QFzPS/CE8hbkbIVK4UStihAQMtczr0vSpOgETOM1g=",
        "owner": "nixos",
        "repo": "nixpkgs",
        "rev": "08e4dc3a907a6dfec8bb3bbf1540d8abbffea22b",
        "type": "github"
      },
      "original": {
        "owner": "nixos",
        "ref": "nixos-unstable",
        "repo": "nixpkgs",
        "type": "github"
      }
    },
    "nmd": {
      "flake": false,
      "locked": {
        "lastModified": 1680213367,
        "narHash": "sha256-NbSXxpFAK5IMcsQTK0vSGy099HExx3SEagqW4Lpc+X8=",
        "owner": "rycee",
        "repo": "nmd",
        "rev": "abb15317ebd17e5a0a7dd105e2ce52f2700185a8",
        "type": "gitlab"
      },
      "original": {
        "owner": "rycee",
        "repo": "nmd",
        "type": "gitlab"
      }
    },
    "nvim-lspconfig": {
      "flake": false,
      "locked": {
        "lastModified": 1682926771,
        "narHash": "sha256-PfplQGoD+FoEKE7u7WMMB2csaKlrrPfi0MWlAmUu4gA=",
        "owner": "neovim",
        "repo": "nvim-lspconfig",
        "rev": "d23c3c3cf27f0afc69208fd277a3094388501af6",
        "type": "github"
      },
      "original": {
        "owner": "neovim",
        "repo": "nvim-lspconfig",
        "type": "github"
      }
    },
    "nvim-treesitter": {
      "flake": false,
      "locked": {
        "lastModified": 1682930366,
        "narHash": "sha256-nKFOPTMVhO9vP3ndFhif8d+Yoi1hhQFdzHl594IDilU=",
        "owner": "nvim-treesitter",
        "repo": "nvim-treesitter",
        "rev": "c39b5d3fd72c5e9438f9b86b9bdaddc23f3d329a",
        "type": "github"
      },
      "original": {
        "owner": "nvim-treesitter",
        "repo": "nvim-treesitter",
        "type": "github"
      }
    },
    "root": {
      "inputs": {
        "flake-utils": "flake-utils",
        "hardware": "hardware",
        "home-manager": "home-manager",
        "nixpkgs": "nixpkgs",
        "nmd": "nmd",
        "nvim-lspconfig": "nvim-lspconfig",
        "nvim-treesitter": "nvim-treesitter"
      }
    },
    "systems": {
      "locked": {
        "lastModified": 1681028828,
        "narHash": "sha256-Vy1rq5AaRuLzOxct8nz4T6wlgyUR7zLU309k9mBC768=",
        "owner": "nix-systems",
        "repo": "default",
        "rev": "da67096a3b9bf56a91d16901293e51ba5b49a27e",
        "type": "github"
      },
      "original": {
        "owner": "nix-systems",
        "repo": "default",
        "type": "github"
      }
    }
  },
  "root": "root",
  "version": 7
}
